Microsoft Visual Studio Solution File, Format Version 12.00
# Visual Studio Version 17
VisualStudioVersion = 17.5.2.0
MinimumVisualStudioVersion = 10.0.40219.1
Project("{FAE04EC0-301F-11D3-BF4B-00C04F79EFBC}") = "semana1 - exercicio", "semana1 - exercicio.csproj", "{491B3E0C-EE50-8B62-6D5F-2AD5A03AA148}"
EndProject
Global
	GlobalSection(SolutionConfigurationPlatforms) = preSolution
		Debug|Any CPU = Debug|Any CPU
		Release|Any CPU = Release|Any CPU
	EndGlobalSection
	GlobalSection(ProjectConfigurationPlatforms) = postSolution
		{491B3E0C-EE50-8B62-6D5F-2AD5A03AA148}.Debug|Any CPU.ActiveCfg = Debug|Any CPU
		{491B3E0C-EE50-8B62-6D5F-2AD5A03AA148}.Debug|Any CPU.Build.0 = Debug|Any CPU
		{491B3E0C-EE50-8B62-6D5F-2AD5A03AA148}.Release|Any CPU.ActiveCfg = Release|Any CPU
		{491B3E0C-EE50-8B62-6D5F-2AD5A03AA148}.Release|Any CPU.Build.0 = Release|Any CPU
	EndGlobalSection
	GlobalSection(SolutionProperties) = preSolution
		HideSolutionNode = FALSE
	EndGlobalSection
	GlobalSection(ExtensibilityGlobals) = postSolution
		SolutionGuid = {CAC7ED9E-FD58-49BB-B8C6-B6F7FF5794ED}
	EndGlobalSection
EndGlobal
