Microsoft Visual Studio Solution File, Format Version 12.00
# Visual Studio Version 17
VisualStudioVersion = 17.5.2.0
MinimumVisualStudioVersion = 10.0.40219.1
Project("{FAE04EC0-301F-11D3-BF4B-00C04F79EFBC}") = "semana4 - exercicio", "semana4 - exercicio.csproj", "{8C3FB276-DFC4-5B55-E657-194B5D77E23D}"
EndProject
Global
	GlobalSection(SolutionConfigurationPlatforms) = preSolution
		Debug|Any CPU = Debug|Any CPU
		Release|Any CPU = Release|Any CPU
	EndGlobalSection
	GlobalSection(ProjectConfigurationPlatforms) = postSolution
		{8C3FB276-DFC4-5B55-E657-194B5D77E23D}.Debug|Any CPU.ActiveCfg = Debug|Any CPU
		{8C3FB276-DFC4-5B55-E657-194B5D77E23D}.Debug|Any CPU.Build.0 = Debug|Any CPU
		{8C3FB276-DFC4-5B55-E657-194B5D77E23D}.Release|Any CPU.ActiveCfg = Release|Any CPU
		{8C3FB276-DFC4-5B55-E657-194B5D77E23D}.Release|Any CPU.Build.0 = Release|Any CPU
	EndGlobalSection
	GlobalSection(SolutionProperties) = preSolution
		HideSolutionNode = FALSE
	EndGlobalSection
	GlobalSection(ExtensibilityGlobals) = postSolution
		SolutionGuid = {7C085934-4E2C-410D-821A-D21733D68212}
	EndGlobalSection
EndGlobal
