Microsoft Visual Studio Solution File, Format Version 12.00
# Visual Studio Version 17
VisualStudioVersion = 17.5.2.0
MinimumVisualStudioVersion = 10.0.40219.1
Project("{FAE04EC0-301F-11D3-BF4B-00C04F79EFBC}") = "semana3 -  exercicio", "semana3 -  exercicio.csproj", "{1B207619-0779-B055-AF3A-786C993254D4}"
EndProject
Global
	GlobalSection(SolutionConfigurationPlatforms) = preSolution
		Debug|Any CPU = Debug|Any CPU
		Release|Any CPU = Release|Any CPU
	EndGlobalSection
	GlobalSection(ProjectConfigurationPlatforms) = postSolution
		{1B207619-0779-B055-AF3A-786C993254D4}.Debug|Any CPU.ActiveCfg = Debug|Any CPU
		{1B207619-0779-B055-AF3A-786C993254D4}.Debug|Any CPU.Build.0 = Debug|Any CPU
		{1B207619-0779-B055-AF3A-786C993254D4}.Release|Any CPU.ActiveCfg = Release|Any CPU
		{1B207619-0779-B055-AF3A-786C993254D4}.Release|Any CPU.Build.0 = Release|Any CPU
	EndGlobalSection
	GlobalSection(SolutionProperties) = preSolution
		HideSolutionNode = FALSE
	EndGlobalSection
	GlobalSection(ExtensibilityGlobals) = postSolution
		SolutionGuid = {273062D4-110A-4523-8F25-D7A042E52C1C}
	EndGlobalSection
EndGlobal
