Microsoft Visual Studio Solution File, Format Version 12.00
# Visual Studio Version 17
VisualStudioVersion = 17.5.2.0
MinimumVisualStudioVersion = 10.0.40219.1
Project("{FAE04EC0-301F-11D3-BF4B-00C04F79EFBC}") = "contagemVogais", "contagemVogais.csproj", "{7E1256B5-54BC-EDD5-C272-784C169EAACD}"
EndProject
Global
	GlobalSection(SolutionConfigurationPlatforms) = preSolution
		Debug|Any CPU = Debug|Any CPU
		Release|Any CPU = Release|Any CPU
	EndGlobalSection
	GlobalSection(ProjectConfigurationPlatforms) = postSolution
		{7E1256B5-54BC-EDD5-C272-784C169EAACD}.Debug|Any CPU.ActiveCfg = Debug|Any CPU
		{7E1256B5-54BC-EDD5-C272-784C169EAACD}.Debug|Any CPU.Build.0 = Debug|Any CPU
		{7E1256B5-54BC-EDD5-C272-784C169EAACD}.Release|Any CPU.ActiveCfg = Release|Any CPU
		{7E1256B5-54BC-EDD5-C272-784C169EAACD}.Release|Any CPU.Build.0 = Release|Any CPU
	EndGlobalSection
	GlobalSection(SolutionProperties) = preSolution
		HideSolutionNode = FALSE
	EndGlobalSection
	GlobalSection(ExtensibilityGlobals) = postSolution
		SolutionGuid = {417F86D4-62BB-491B-BB63-2801190E4905}
	EndGlobalSection
EndGlobal
